{
  "name": "@hacbs-contract/ec-policies-antora-extension",
  "version": "0.0.2",
  "lockfileVersion": 2,
  "requires": true,
  "packages": {
    "": {
      "name": "@hacbs-contract/ec-policies-antora-extension",
      "version": "0.0.2",
      "license": "Apache-2.0",
      "dependencies": {
        "@zregvart/opa-inspect": "latest"
      },
      "engines": {
        "node": "18"
      }
    },
    "node_modules/@zregvart/opa-inspect": {
      "version": "0.49.0-f55e00f",
      "resolved": "https://registry.npmjs.org/@zregvart/opa-inspect/-/opa-inspect-0.49.0-f55e00f.tgz",
      "integrity": "sha512-aKV/EMUiR2dY0QjHsQi1ATYMl2RP8JqVK6O6px+1KMNhEOJ4TpMJkiNZWvAFJQ4t2DAvbp4ynRrTnNwwGgfiqA==",
      "engines": {
        "node": ">=18.0.0"
      }
    }
  },
  "dependencies": {
    "@zregvart/opa-inspect": {
      "version": "0.49.0-f55e00f",
      "resolved": "https://registry.npmjs.org/@zregvart/opa-inspect/-/opa-inspect-0.49.0-f55e00f.tgz",
      "integrity": "sha512-aKV/EMUiR2dY0QjHsQi1ATYMl2RP8JqVK6O6px+1KMNhEOJ4TpMJkiNZWvAFJQ4t2DAvbp4ynRrTnNwwGgfiqA=="
    }
  }
}
