{
  "name": "@enterprise-contract/ec-policies-antora-extension",
  "version": "0.0.2",
  "lockfileVersion": 2,
  "requires": true,
  "packages": {
    "": {
      "name": "@enterprise-contract/ec-policies-antora-extension",
      "version": "0.0.2",
      "license": "Apache-2.0",
      "dependencies": {
        "@zregvart/opa-inspect": "latest"
      },
      "engines": {
        "node": "18"
      }
    },
    "node_modules/@zregvart/opa-inspect": {
      "version": "0.55.0-dc6231b",
      "resolved": "https://registry.npmjs.org/@zregvart/opa-inspect/-/opa-inspect-0.55.0-dc6231b.tgz",
      "integrity": "sha512-tFLhaSqEW8/PmoBmmB13G9XZeL/+fOY1dW/gPrsFgaU+NkRY6ysn3LjACh4wdKpgJ1JMHSom5kIDp0FsU04xsg==",
      "engines": {
        "node": ">=18.0.0"
      }
    }
  },
  "dependencies": {
    "@zregvart/opa-inspect": {
      "version": "0.55.0-dc6231b",
      "resolved": "https://registry.npmjs.org/@zregvart/opa-inspect/-/opa-inspect-0.55.0-dc6231b.tgz",
      "integrity": "sha512-tFLhaSqEW8/PmoBmmB13G9XZeL/+fOY1dW/gPrsFgaU+NkRY6ysn3LjACh4wdKpgJ1JMHSom5kIDp0FsU04xsg=="
    }
  }
}
