{
  "name": "@enterprise-contract/ec-policies-antora-extension",
  "version": "0.0.2",
  "lockfileVersion": 2,
  "requires": true,
  "packages": {
    "": {
      "name": "@enterprise-contract/ec-policies-antora-extension",
      "version": "0.0.2",
      "license": "Apache-2.0",
      "dependencies": {
        "@zregvart/opa-inspect": "latest"
      },
      "engines": {
        "node": "18"
      }
    },
    "node_modules/@zregvart/opa-inspect": {
      "version": "0.59.0-cab1f75",
      "resolved": "https://registry.npmjs.org/@zregvart/opa-inspect/-/opa-inspect-0.59.0-cab1f75.tgz",
      "integrity": "sha512-IR8EwUiCaRxuEB9VjyOyA1gxGZZPMcOrrM7lHCXDOIoCVwUQKvtvX37qmBibTH0UWkKaututAWhFvVcmEkDb1A==",
      "engines": {
        "node": ">=18.0.0"
      }
    }
  },
  "dependencies": {
    "@zregvart/opa-inspect": {
      "version": "0.59.0-cab1f75",
      "resolved": "https://registry.npmjs.org/@zregvart/opa-inspect/-/opa-inspect-0.59.0-cab1f75.tgz",
      "integrity": "sha512-IR8EwUiCaRxuEB9VjyOyA1gxGZZPMcOrrM7lHCXDOIoCVwUQKvtvX37qmBibTH0UWkKaututAWhFvVcmEkDb1A=="
    }
  }
}
